
Microsoft Visual Studio Solution File, Format Version 12.00
# Visual Studio Version 17
VisualStudioVersion = 17.7.34202.233
MinimumVisualStudioVersion = 10.0.40219.1
Project("{9A19103F-16F7-4668-BE54-9A1E7A4F7556}") = "WebApi", "WebApi.csproj", "{E3AA7F8C-6908-4BEE-A47E-AD4368B1A07B}"
EndProject
Project("{9A19103F-16F7-4668-BE54-9A1E7A4F7556}") = "Model", "..\Model\Model.csproj", "{D6873027-070F-4B58-9BDC-9E4AE8BA0CF2}"
EndProject
Project("{9A19103F-16F7-4668-BE54-9A1E7A4F7556}") = "DAL", "..\DAL\DAL.csproj", "{DBDBC8CB-3E5B-451B-B986-2A9BB3AE54E2}"
EndProject
Project("{2150E333-8FDC-42A3-9474-1A3956D46DE8}") = "Elementy rozwiązania", "Elementy rozwiązania", "{E3D4B2A5-57AA-478D-992B-C1F3BCAF0C45}"
EndProject
Project("{FAE04EC0-301F-11D3-BF4B-00C04F79EFBC}") = "BLL", "..\BLL\BLL.csproj", "{D2D60414-0D4A-4718-8FBC-CA68D3CA71B9}"
EndProject
Global
	GlobalSection(SolutionConfigurationPlatforms) = preSolution
		Debug|Any CPU = Debug|Any CPU
		Release|Any CPU = Release|Any CPU
	EndGlobalSection
	GlobalSection(ProjectConfigurationPlatforms) = postSolution
		{E3AA7F8C-6908-4BEE-A47E-AD4368B1A07B}.Debug|Any CPU.ActiveCfg = Debug|Any CPU
		{E3AA7F8C-6908-4BEE-A47E-AD4368B1A07B}.Debug|Any CPU.Build.0 = Debug|Any CPU
		{E3AA7F8C-6908-4BEE-A47E-AD4368B1A07B}.Release|Any CPU.ActiveCfg = Release|Any CPU
		{E3AA7F8C-6908-4BEE-A47E-AD4368B1A07B}.Release|Any CPU.Build.0 = Release|Any CPU
		{D6873027-070F-4B58-9BDC-9E4AE8BA0CF2}.Debug|Any CPU.ActiveCfg = Debug|Any CPU
		{D6873027-070F-4B58-9BDC-9E4AE8BA0CF2}.Debug|Any CPU.Build.0 = Debug|Any CPU
		{D6873027-070F-4B58-9BDC-9E4AE8BA0CF2}.Release|Any CPU.ActiveCfg = Release|Any CPU
		{D6873027-070F-4B58-9BDC-9E4AE8BA0CF2}.Release|Any CPU.Build.0 = Release|Any CPU
		{DBDBC8CB-3E5B-451B-B986-2A9BB3AE54E2}.Debug|Any CPU.ActiveCfg = Debug|Any CPU
		{DBDBC8CB-3E5B-451B-B986-2A9BB3AE54E2}.Debug|Any CPU.Build.0 = Debug|Any CPU
		{DBDBC8CB-3E5B-451B-B986-2A9BB3AE54E2}.Release|Any CPU.ActiveCfg = Release|Any CPU
		{DBDBC8CB-3E5B-451B-B986-2A9BB3AE54E2}.Release|Any CPU.Build.0 = Release|Any CPU
		{D2D60414-0D4A-4718-8FBC-CA68D3CA71B9}.Debug|Any CPU.ActiveCfg = Debug|Any CPU
		{D2D60414-0D4A-4718-8FBC-CA68D3CA71B9}.Debug|Any CPU.Build.0 = Debug|Any CPU
		{D2D60414-0D4A-4718-8FBC-CA68D3CA71B9}.Release|Any CPU.ActiveCfg = Release|Any CPU
		{D2D60414-0D4A-4718-8FBC-CA68D3CA71B9}.Release|Any CPU.Build.0 = Release|Any CPU
	EndGlobalSection
	GlobalSection(SolutionProperties) = preSolution
		HideSolutionNode = FALSE
	EndGlobalSection
	GlobalSection(ExtensibilityGlobals) = postSolution
		SolutionGuid = {F61BF5D2-2192-48E3-B1BF-8B3F40D1D197}
	EndGlobalSection
EndGlobal
